
Microsoft Visual Studio Solution File, Format Version 12.00
# Visual Studio Version 16
VisualStudioVersion = 16.0.31005.135
MinimumVisualStudioVersion = 10.0.40219.1
Project("{9A19103F-16F7-4668-BE54-9A1E7A4F7556}") = "API", "API\API.csproj", "{78ED511D-B44A-4004-BF09-EAEDF7622DA1}"
EndProject
Project("{FAE04EC0-301F-11D3-BF4B-00C04F79EFBC}") = "Domain", "Domain\Domain.csproj", "{0A264517-7FD7-43ED-BE5E-40A5217F5988}"
EndProject
Project("{FAE04EC0-301F-11D3-BF4B-00C04F79EFBC}") = "Data.FluentMigrations", "Data.FluentMigrations\Data.FluentMigrations.csproj", "{DEA1F943-1CDE-4255-B71D-665C510C4369}"
EndProject
Global
	GlobalSection(SolutionConfigurationPlatforms) = preSolution
		Debug|Any CPU = Debug|Any CPU
		Release|Any CPU = Release|Any CPU
	EndGlobalSection
	GlobalSection(ProjectConfigurationPlatforms) = postSolution
		{78ED511D-B44A-4004-BF09-EAEDF7622DA1}.Debug|Any CPU.ActiveCfg = Debug|Any CPU
		{78ED511D-B44A-4004-BF09-EAEDF7622DA1}.Debug|Any CPU.Build.0 = Debug|Any CPU
		{78ED511D-B44A-4004-BF09-EAEDF7622DA1}.Release|Any CPU.ActiveCfg = Release|Any CPU
		{78ED511D-B44A-4004-BF09-EAEDF7622DA1}.Release|Any CPU.Build.0 = Release|Any CPU
		{0A264517-7FD7-43ED-BE5E-40A5217F5988}.Debug|Any CPU.ActiveCfg = Debug|Any CPU
		{0A264517-7FD7-43ED-BE5E-40A5217F5988}.Debug|Any CPU.Build.0 = Debug|Any CPU
		{0A264517-7FD7-43ED-BE5E-40A5217F5988}.Release|Any CPU.ActiveCfg = Release|Any CPU
		{0A264517-7FD7-43ED-BE5E-40A5217F5988}.Release|Any CPU.Build.0 = Release|Any CPU
		{DEA1F943-1CDE-4255-B71D-665C510C4369}.Debug|Any CPU.ActiveCfg = Debug|Any CPU
		{DEA1F943-1CDE-4255-B71D-665C510C4369}.Debug|Any CPU.Build.0 = Debug|Any CPU
		{DEA1F943-1CDE-4255-B71D-665C510C4369}.Release|Any CPU.ActiveCfg = Release|Any CPU
		{DEA1F943-1CDE-4255-B71D-665C510C4369}.Release|Any CPU.Build.0 = Release|Any CPU
	EndGlobalSection
	GlobalSection(SolutionProperties) = preSolution
		HideSolutionNode = FALSE
	EndGlobalSection
	GlobalSection(ExtensibilityGlobals) = postSolution
		SolutionGuid = {2843BFE2-8895-4BCB-99BB-7C31CE96431A}
	EndGlobalSection
EndGlobal
